<Solution>
  <Project Path="src/RealTimeTranslator.ASR/RealTimeTranslator.ASR.csproj" />
  <Project Path="src/RealTimeTranslator.Core/RealTimeTranslator.Core.csproj" />
  <Project Path="src/RealTimeTranslator.Translation/RealTimeTranslator.Translation.csproj" />
  <Project Path="src/RealTimeTranslator.UI/RealTimeTranslator.UI.csproj" />
</Solution>
