{
  "version": 1,
  "dependencies": {
    "net10.0-windows10.0.20348": {
      "1llum1n4t1s.NAudio": {
        "type": "Direct",
        "requested": "[4.0.3, )",
        "resolved": "4.0.3",
        "contentHash": "gkDScADfjq0EqgZslzw2L/MBFGRrOlyxZd885k5F3cSPSbsIpEjoUh5Xdk7ZTDTXWFZeElpB72Lmm1beiFmwZg==",
        "dependencies": {
          "1llum1n4t1s.NAudio.Asio": "4.0.3",
          "1llum1n4t1s.NAudio.Core": "4.0.3",
          "1llum1n4t1s.NAudio.Dmo": "4.0.3",
          "1llum1n4t1s.NAudio.Midi": "4.0.3",
          "1llum1n4t1s.NAudio.Wasapi": "4.0.3",
          "1llum1n4t1s.NAudio.WinForms": "4.0.3",
          "1llum1n4t1s.NAudio.WinMM": "4.0.3"
        }
      },
      "Microsoft.CognitiveServices.Speech": {
        "type": "Direct",
        "requested": "[1.51.2, )",
        "resolved": "1.51.2",
        "contentHash": "UMHlvd9X/sxoqihRP2tE4QsJWRvkREq7/K4hjcxrfP4RGkH4aKaLv48czmiypTHIPbPzSRifMdJW2d2Daupmng==",
        "dependencies": {
          "Azure.Core": "1.44.1"
        }
      },
      "Microsoft.ML.OnnxRuntime": {
        "type": "Direct",
        "requested": "[1.29.0, )",
        "resolved": "1.29.0",
        "contentHash": "bUO3Ryc42UVkDGByBIYU9/ogRURGHeMOEq96LMWnDBVMQGZpIahBhPRCeu+Qq6+EJh/dfxzFJBKZa0/+yMmpWQ==",
        "dependencies": {
          "Microsoft.ML.OnnxRuntime.Managed": "1.29.0"
        }
      },
      "SuperLightLogger": {
        "type": "Direct",
        "requested": "[1.0.16, )",
        "resolved": "1.0.16",
        "contentHash": "/Hg0kWpObP40mZ9AH81VjmGY1aZlvozCHKaQFBJPdBA1rR/jom0NDq4SiOpUwjr4q4wYNa1pbOjQnIzL0Sr7dg==",
        "dependencies": {
          "Microsoft.Extensions.DependencyInjection.Abstractions": "10.0.11",
          "Microsoft.Extensions.Logging": "10.0.11",
          "Microsoft.Extensions.Logging.Abstractions": "10.0.11"
        }
      },
      "System.Security.Cryptography.ProtectedData": {
        "type": "Direct",
        "requested": "[10.0.11, )",
        "resolved": "10.0.11",
        "contentHash": "PNoxCTPb+Tlux+GJyq4c89ddYdpioVSqfGx8pqOF6shCSKwUNNctXhQtRkCICjbJmGrJJsW8NY52kVYO/b8mlQ=="
      },
      "1llum1n4t1s.NAudio.Asio": {
        "type": "Transitive",
        "resolved": "4.0.3",
        "contentHash": "4hrkfd5aDqMWQzexzWUl07tgb+hfAZ59EDJOJKXlU3Q4fnJd3RsT2ZDfjLAg6LU+BMKJvEXW5+w9nspEkODl9Q==",
        "dependencies": {
          "1llum1n4t1s.NAudio.Core": "4.0.3"
        }
      },
      "1llum1n4t1s.NAudio.Core": {
        "type": "Transitive",
        "resolved": "4.0.3",
        "contentHash": "KKW3WF2+ckxBHqrBCHunzstXfv/SlyBUsFKekRLGILrbe+aoT4G2ekgZthWwiJwEgq1O2o66qsMK+W76I/1XrA==",
        "dependencies": {
          "System.Numerics.Tensors": "10.0.11"
        }
      },
      "1llum1n4t1s.NAudio.Dmo": {
        "type": "Transitive",
        "resolved": "4.0.3",
        "contentHash": "eXYnd0Bg5Q68boSxv979cStqQjmZXXiPNN9Rq4XXmVw2XlVaE/ev2aDDQVGV6N/pN+5UXE57LMpFrWq7+mBxWg==",
        "dependencies": {
          "1llum1n4t1s.NAudio.Core": "4.0.3"
        }
      },
      "1llum1n4t1s.NAudio.Midi": {
        "type": "Transitive",
        "resolved": "4.0.3",
        "contentHash": "ex44q4mI1AaGkDKJvdIshgLvlUYa7PhkmRTGfn2NAKb7SaVJWtFyFvuuQZbxd09G8zAKGn88Pf5VOyPXE/8Plg==",
        "dependencies": {
          "1llum1n4t1s.NAudio.Core": "4.0.3"
        }
      },
      "1llum1n4t1s.NAudio.Wasapi": {
        "type": "Transitive",
        "resolved": "4.0.3",
        "contentHash": "Mkok0Ofykx6CruDk8TOCH2MvWGG3bi8sY458+KD2XZmlB60y55vXKSOpn+n5v8S9U/4AOpe50C+14jyZ8Yk2LA==",
        "dependencies": {
          "1llum1n4t1s.NAudio.Core": "4.0.3"
        }
      },
      "1llum1n4t1s.NAudio.WinForms": {
        "type": "Transitive",
        "resolved": "4.0.3",
        "contentHash": "6vcMKtd2nk1vcpQ8yRJ32VTnTaiYaQTJGqfdvJXIsUyfQ9NLfXeKn+cpiMGs5ABUDEob8/dG+TAzgyQ3VmHjXA==",
        "dependencies": {
          "1llum1n4t1s.NAudio.WinMM": "4.0.3"
        }
      },
      "1llum1n4t1s.NAudio.WinMM": {
        "type": "Transitive",
        "resolved": "4.0.3",
        "contentHash": "WiRVrEY5fSzimv21M421JbW0VpYZPQ2XjpdZyety+4iNYapA+KMuF9D0EH37citE2AcbPyh0fkX2h8/A5fImiw==",
        "dependencies": {
          "1llum1n4t1s.NAudio.Core": "4.0.3",
          "1llum1n4t1s.NAudio.Midi": "4.0.3"
        }
      },
      "Azure.Core": {
        "type": "Transitive",
        "resolved": "1.44.1",
        "contentHash": "YyznXLQZCregzHvioip07/BkzjuWNXogJEVz9T5W6TwjNr17ax41YGzYMptlo2G10oLCuVPoyva62y0SIRDixg==",
        "dependencies": {
          "Microsoft.Bcl.AsyncInterfaces": "6.0.0",
          "System.ClientModel": "1.1.0",
          "System.Memory.Data": "6.0.0"
        }
      },
      "Microsoft.Bcl.AsyncInterfaces": {
        "type": "Transitive",
        "resolved": "6.0.0",
        "contentHash": "UcSjPsst+DfAdJGVDsu346FX0ci0ah+lw3WRtn18NUwEqRt70HaOQ7lI72vy3+1LxtqI3T5GWwV39rQSrCzAeg=="
      },
      "Microsoft.Extensions.DependencyInjection": {
        "type": "Transitive",
        "resolved": "10.0.11",
        "contentHash": "PSmotV19c7E3lKed++uYo1kSiXFI+uTl37CBSrhq+CfLC3FCHjG7R91+xPnNehQfHS1b0Tzo/CCLPWH3qaEheg==",
        "dependencies": {
          "Microsoft.Extensions.DependencyInjection.Abstractions": "10.0.11"
        }
      },
      "Microsoft.Extensions.DependencyInjection.Abstractions": {
        "type": "Transitive",
        "resolved": "10.0.11",
        "contentHash": "/a1aJz4m7ylhEDf25ugQChLQoN5XwoGjWw/BoR/ZWWKsO1v4DdJElS1uyngahz4B/eOzjFk1KNTkarRLE5wsIg=="
      },
      "Microsoft.Extensions.Logging": {
        "type": "Transitive",
        "resolved": "10.0.11",
        "contentHash": "nUOJwgFkSiLHiVGFpU22pIJtuWYewuSYQ3JVuP/gdK8ASMT807Px+TYQiRWs6uSsOmoyFTaVCwKXTasczV6BpA==",
        "dependencies": {
          "Microsoft.Extensions.DependencyInjection": "10.0.11",
          "Microsoft.Extensions.Logging.Abstractions": "10.0.11",
          "Microsoft.Extensions.Options": "10.0.11"
        }
      },
      "Microsoft.Extensions.Logging.Abstractions": {
        "type": "Transitive",
        "resolved": "10.0.11",
        "contentHash": "Ljd0Uxoq5XpScD2Bg0nM/r3mwx7Ao5Uq24eo2ARxbGvqJ7Zht6rt2cJtwVRH4Cv+1ZVMdXz6TB43KbpmsxRrvQ==",
        "dependencies": {
          "Microsoft.Extensions.DependencyInjection.Abstractions": "10.0.11"
        }
      },
      "Microsoft.Extensions.Options": {
        "type": "Transitive",
        "resolved": "10.0.11",
        "contentHash": "eY1GAKcTfD2maP27J84X9IovT3yjHJ2dVDzPmDg6/XqYvt3jMzJhtfQCLjG9pVsZGAd+8DQ2QrjaDcs2+VQLGw==",
        "dependencies": {
          "Microsoft.Extensions.DependencyInjection.Abstractions": "10.0.11",
          "Microsoft.Extensions.Primitives": "10.0.11"
        }
      },
      "Microsoft.Extensions.Primitives": {
        "type": "Transitive",
        "resolved": "10.0.11",
        "contentHash": "SXcz+kF+4Oo9b1+55zntpJFYfwb1jw66ioxptyNOOTDc8g2FHnBFWjZpsWfCvZIhzr0x+4e2trVTs4OKwQfBtw=="
      },
      "Microsoft.ML.OnnxRuntime.Managed": {
        "type": "Transitive",
        "resolved": "1.29.0",
        "contentHash": "jLy5PtzvRQCBFOczzfRY7zpuMVUyLwjO0Jsdd8MBZdmnPIqx5vW9cYDNyCqkrYpwkof8GlqBVaEUMWrMWRtvuw==",
        "dependencies": {
          "System.Numerics.Tensors": "9.0.0"
        }
      },
      "System.ClientModel": {
        "type": "Transitive",
        "resolved": "1.1.0",
        "contentHash": "UocOlCkxLZrG2CKMAAImPcldJTxeesHnHGHwhJ0pNlZEvEXcWKuQvVOER2/NiOkJGRJk978SNdw3j6/7O9H1lg==",
        "dependencies": {
          "System.Memory.Data": "1.0.2"
        }
      },
      "System.Memory.Data": {
        "type": "Transitive",
        "resolved": "6.0.0",
        "contentHash": "ntFHArH3I4Lpjf5m4DCXQHJuGwWPNVJPaAvM95Jy/u+2Yzt2ryiyIN04LAogkjP9DeRcEOiviAjQotfmPq/FrQ=="
      },
      "System.Numerics.Tensors": {
        "type": "Transitive",
        "resolved": "10.0.11",
        "contentHash": "4jNNt67NhCqf3bf2FN0mrsC+EH60L7Sny6poqVeiviB27Kw7TQzMmgn8HIaPc8E9EcuGusUyfeu21gLfzcBpDA=="
      }
    },
    "net10.0-windows10.0.20348/win-x64": {
      "Microsoft.CognitiveServices.Speech": {
        "type": "Direct",
        "requested": "[1.51.2, )",
        "resolved": "1.51.2",
        "contentHash": "UMHlvd9X/sxoqihRP2tE4QsJWRvkREq7/K4hjcxrfP4RGkH4aKaLv48czmiypTHIPbPzSRifMdJW2d2Daupmng==",
        "dependencies": {
          "Azure.Core": "1.44.1"
        }
      },
      "Microsoft.ML.OnnxRuntime": {
        "type": "Direct",
        "requested": "[1.29.0, )",
        "resolved": "1.29.0",
        "contentHash": "bUO3Ryc42UVkDGByBIYU9/ogRURGHeMOEq96LMWnDBVMQGZpIahBhPRCeu+Qq6+EJh/dfxzFJBKZa0/+yMmpWQ==",
        "dependencies": {
          "Microsoft.ML.OnnxRuntime.Managed": "1.29.0"
        }
      }
    }
  }
}