{
  "version": 1,
  "dependencies": {
    "net10.0-windows10.0.20348": {
      "1llum1n4t1s.NAudio": {
        "type": "Direct",
        "requested": "[4.0.0, )",
        "resolved": "4.0.0",
        "contentHash": "soNlvT3FI+7KVJh8m95PIDuhSKINGGUTW7o9i6XC62HF1q1T8Y0+luM8CQNqTgAA/xU34K6Ux1sdom3sz0fkRQ==",
        "dependencies": {
          "1llum1n4t1s.NAudio.Asio": "4.0.0",
          "1llum1n4t1s.NAudio.Core": "4.0.0",
          "1llum1n4t1s.NAudio.Dmo": "4.0.0",
          "1llum1n4t1s.NAudio.Midi": "4.0.0",
          "1llum1n4t1s.NAudio.Wasapi": "4.0.0",
          "1llum1n4t1s.NAudio.WinForms": "4.0.0",
          "1llum1n4t1s.NAudio.WinMM": "4.0.0"
        }
      },
      "Microsoft.CognitiveServices.Speech": {
        "type": "Direct",
        "requested": "[1.51.1, )",
        "resolved": "1.51.1",
        "contentHash": "DYUYtmRuy/3Vc3WeOtAPd+wIleB/Jna7cLpiftQqA4krPMLsACb6GSA1xCNMGyjypqtbawjzy2vqukUeq6ZC2Q==",
        "dependencies": {
          "Azure.Core": "1.44.1"
        }
      },
      "Microsoft.ML.OnnxRuntime": {
        "type": "Direct",
        "requested": "[1.28.0, )",
        "resolved": "1.28.0",
        "contentHash": "xpguSCrXBe5E1l1088S7UqnI36EHaTL6CJMHEhwfGBoSwyPH5Q/IkbkBBk/GwXWzsVyEXpQm42ZimSAQs0/zKA==",
        "dependencies": {
          "Microsoft.ML.OnnxRuntime.Managed": "1.28.0"
        }
      },
      "SuperLightLogger": {
        "type": "Direct",
        "requested": "[1.0.12, )",
        "resolved": "1.0.12",
        "contentHash": "f7h7z7tVUipTKYPQoZL5aMNXEqfEvqKd1mzv67cIvFj2lzsoMvIohHVSe67xQrFmPd6F+mNTPDdsW6bX+lUtqg==",
        "dependencies": {
          "Microsoft.Extensions.DependencyInjection.Abstractions": "10.0.10",
          "Microsoft.Extensions.Logging": "10.0.10",
          "Microsoft.Extensions.Logging.Abstractions": "10.0.10"
        }
      },
      "System.Security.Cryptography.ProtectedData": {
        "type": "Direct",
        "requested": "[10.0.10, )",
        "resolved": "10.0.10",
        "contentHash": "BKt0SQgq2lq3ESE68jkeLwv95ypANrPDtkTOIFGcnhg2aRUeUUBDrQlkVDZctrg1WenVcvn5P5XZnuYI7q6rFQ=="
      },
      "1llum1n4t1s.NAudio.Asio": {
        "type": "Transitive",
        "resolved": "4.0.0",
        "contentHash": "rjxDs3Mqsn34ft46q39KIXkxs6/H2zZwNjxWGJBQU1Ix95/STDliT2UnX6KNzT3tUaoFtFSTYNxy0OToswmMpg==",
        "dependencies": {
          "1llum1n4t1s.NAudio.Core": "4.0.0"
        }
      },
      "1llum1n4t1s.NAudio.Core": {
        "type": "Transitive",
        "resolved": "4.0.0",
        "contentHash": "sTuD5g4OIss9LNcifhpOAuGQC4ExS3ua5T9Q2305gzjmf3z1vGwXQ1AuTtXXy9Uiq+yy0on4bDhgmOsFPbESmg==",
        "dependencies": {
          "System.Numerics.Tensors": "10.0.11"
        }
      },
      "1llum1n4t1s.NAudio.Dmo": {
        "type": "Transitive",
        "resolved": "4.0.0",
        "contentHash": "MyMSOeNfbwZ5EHxZPzGZNFpt+u9YVD6ta8pdkomNRyrGtmpAPBq+jSmE0T1H8TlRJIMxkWYqq9r8fRUh9pDIzw==",
        "dependencies": {
          "1llum1n4t1s.NAudio.Core": "4.0.0"
        }
      },
      "1llum1n4t1s.NAudio.Midi": {
        "type": "Transitive",
        "resolved": "4.0.0",
        "contentHash": "dAuElJ4/Ce7GhZLEai4owcFPoNhqlSojTjbVb/tAvf5fA/EOdMwfJVKGFmNPP8N8ZpeT+l2wr5clexEj0MrQtA==",
        "dependencies": {
          "1llum1n4t1s.NAudio.Core": "4.0.0"
        }
      },
      "1llum1n4t1s.NAudio.Wasapi": {
        "type": "Transitive",
        "resolved": "4.0.0",
        "contentHash": "Te2RtcegN3pty98frKo37vlDZb64qTfSgWmufx+DMYLySHO38/9c31I6z1C0rVHtlj8pO98B9kITWsHBJqtVHw==",
        "dependencies": {
          "1llum1n4t1s.NAudio.Core": "4.0.0"
        }
      },
      "1llum1n4t1s.NAudio.WinForms": {
        "type": "Transitive",
        "resolved": "4.0.0",
        "contentHash": "49cxzC9JN3buA7h/RRfdhVFNAEB5v5sZnUvp+Z2XpRbwtLrkUcmLH/LznUyddkmVdbcyNjQjRzq42ZhktFTXRA==",
        "dependencies": {
          "1llum1n4t1s.NAudio.WinMM": "4.0.0"
        }
      },
      "1llum1n4t1s.NAudio.WinMM": {
        "type": "Transitive",
        "resolved": "4.0.0",
        "contentHash": "ZhDTHlqlX9Wh+pb1qA5zq/8cYykJfU8w4LQ3QFp+Te15dKj+K5uuHuRjDkCTrEAk/8zem3E8ynuYN6GG9WlbOA==",
        "dependencies": {
          "1llum1n4t1s.NAudio.Core": "4.0.0",
          "1llum1n4t1s.NAudio.Midi": "4.0.0"
        }
      },
      "Azure.Core": {
        "type": "Transitive",
        "resolved": "1.44.1",
        "contentHash": "YyznXLQZCregzHvioip07/BkzjuWNXogJEVz9T5W6TwjNr17ax41YGzYMptlo2G10oLCuVPoyva62y0SIRDixg==",
        "dependencies": {
          "Microsoft.Bcl.AsyncInterfaces": "6.0.0",
          "System.ClientModel": "1.1.0",
          "System.Memory.Data": "6.0.0"
        }
      },
      "Microsoft.Bcl.AsyncInterfaces": {
        "type": "Transitive",
        "resolved": "6.0.0",
        "contentHash": "UcSjPsst+DfAdJGVDsu346FX0ci0ah+lw3WRtn18NUwEqRt70HaOQ7lI72vy3+1LxtqI3T5GWwV39rQSrCzAeg=="
      },
      "Microsoft.Extensions.DependencyInjection": {
        "type": "Transitive",
        "resolved": "10.0.10",
        "contentHash": "ANyvsgkNBRvcJh2XLgn8veGmajf+8m0AbKK+HPWdRL1yraSNVVSmQhFntLtdz/C795jxqqup+k05cs/3jZQPOA==",
        "dependencies": {
          "Microsoft.Extensions.DependencyInjection.Abstractions": "10.0.10"
        }
      },
      "Microsoft.Extensions.DependencyInjection.Abstractions": {
        "type": "Transitive",
        "resolved": "10.0.10",
        "contentHash": "z/2xXlFw2aLGjHyEm6E0tQ+In6VfzQzTrtArbQ2c0TQE16ZbyDCMGPvaUT9I0s8rgy9sRWlU2P9waW37qV04qA=="
      },
      "Microsoft.Extensions.Logging": {
        "type": "Transitive",
        "resolved": "10.0.10",
        "contentHash": "Tf6z5HsL0VDYRTfvsoNrTGHGheCwkTsZBA2FFh5ATJUbkAwug+FFNISJK2gjpUNemlAOoWllAK52HOWCjto3EQ==",
        "dependencies": {
          "Microsoft.Extensions.DependencyInjection": "10.0.10",
          "Microsoft.Extensions.Logging.Abstractions": "10.0.10",
          "Microsoft.Extensions.Options": "10.0.10"
        }
      },
      "Microsoft.Extensions.Logging.Abstractions": {
        "type": "Transitive",
        "resolved": "10.0.10",
        "contentHash": "zkFxGYUvdxAvIKTyXHrmW+Sux53D4SezD9dMyZ6hrwwzPQJNuwCRy1f5W7AvYTqacEGhWF2XderRQG1OvbV8og==",
        "dependencies": {
          "Microsoft.Extensions.DependencyInjection.Abstractions": "10.0.10"
        }
      },
      "Microsoft.Extensions.Options": {
        "type": "Transitive",
        "resolved": "10.0.10",
        "contentHash": "srnhnk7nE8krBiIXp71LvBmKBtraBONWSRzdjJgRv1Ko9Mp8IVNqv4vIS9hGeVteBig8aQkva9ZG+sC+o5sVcA==",
        "dependencies": {
          "Microsoft.Extensions.DependencyInjection.Abstractions": "10.0.10",
          "Microsoft.Extensions.Primitives": "10.0.10"
        }
      },
      "Microsoft.Extensions.Primitives": {
        "type": "Transitive",
        "resolved": "10.0.10",
        "contentHash": "5wu/GrYVd8mG2DVUw3vFJzF+O336TyTGg/Kmcgw9bfwYhCoFiV5lR5QeEmKecJyrW4W54nMfD3p3589E8a7czQ=="
      },
      "Microsoft.ML.OnnxRuntime.Managed": {
        "type": "Transitive",
        "resolved": "1.28.0",
        "contentHash": "4ecKjwASHhAZXczK/xm5KU6MdvoIGfMd23UAwDbM9vfcfgqZgNqvFWPZPT0Elc1wu5vXWs2Kij1ZBmHCcv1UlA==",
        "dependencies": {
          "System.Numerics.Tensors": "9.0.0"
        }
      },
      "System.ClientModel": {
        "type": "Transitive",
        "resolved": "1.1.0",
        "contentHash": "UocOlCkxLZrG2CKMAAImPcldJTxeesHnHGHwhJ0pNlZEvEXcWKuQvVOER2/NiOkJGRJk978SNdw3j6/7O9H1lg==",
        "dependencies": {
          "System.Memory.Data": "1.0.2"
        }
      },
      "System.Memory.Data": {
        "type": "Transitive",
        "resolved": "6.0.0",
        "contentHash": "ntFHArH3I4Lpjf5m4DCXQHJuGwWPNVJPaAvM95Jy/u+2Yzt2ryiyIN04LAogkjP9DeRcEOiviAjQotfmPq/FrQ=="
      },
      "System.Numerics.Tensors": {
        "type": "Transitive",
        "resolved": "10.0.11",
        "contentHash": "4jNNt67NhCqf3bf2FN0mrsC+EH60L7Sny6poqVeiviB27Kw7TQzMmgn8HIaPc8E9EcuGusUyfeu21gLfzcBpDA=="
      }
    },
    "net10.0-windows10.0.20348/win-x64": {
      "Microsoft.CognitiveServices.Speech": {
        "type": "Direct",
        "requested": "[1.51.1, )",
        "resolved": "1.51.1",
        "contentHash": "DYUYtmRuy/3Vc3WeOtAPd+wIleB/Jna7cLpiftQqA4krPMLsACb6GSA1xCNMGyjypqtbawjzy2vqukUeq6ZC2Q==",
        "dependencies": {
          "Azure.Core": "1.44.1"
        }
      },
      "Microsoft.ML.OnnxRuntime": {
        "type": "Direct",
        "requested": "[1.28.0, )",
        "resolved": "1.28.0",
        "contentHash": "xpguSCrXBe5E1l1088S7UqnI36EHaTL6CJMHEhwfGBoSwyPH5Q/IkbkBBk/GwXWzsVyEXpQm42ZimSAQs0/zKA==",
        "dependencies": {
          "Microsoft.ML.OnnxRuntime.Managed": "1.28.0"
        }
      }
    }
  }
}